
Microsoft Visual Studio Solution File, Format Version 12.00
# Visual Studio Version 17
VisualStudioVersion = 17.6.33829.357
MinimumVisualStudioVersion = 10.0.40219.1
Project("{FAE04EC0-301F-11D3-BF4B-00C04F79EFBC}") = "SupplySignal", "SupplySignal\SupplySignal.csproj", "{F113DC5B-FE52-4242-BD50-50D7540122AB}"
EndProject
Global
	GlobalSection(SolutionConfigurationPlatforms) = preSolution
		Debug|Any CPU = Debug|Any CPU
		Release|Any CPU = Release|Any CPU
	EndGlobalSection
	GlobalSection(ProjectConfigurationPlatforms) = postSolution
		{F113DC5B-FE52-4242-BD50-50D7540122AB}.Debug|Any CPU.ActiveCfg = Debug|Any CPU
		{F113DC5B-FE52-4242-BD50-50D7540122AB}.Debug|Any CPU.Build.0 = Debug|Any CPU
		{F113DC5B-FE52-4242-BD50-50D7540122AB}.Release|Any CPU.ActiveCfg = Release|Any CPU
		{F113DC5B-FE52-4242-BD50-50D7540122AB}.Release|Any CPU.Build.0 = Release|Any CPU
	EndGlobalSection
	GlobalSection(SolutionProperties) = preSolution
		HideSolutionNode = FALSE
	EndGlobalSection
	GlobalSection(ExtensibilityGlobals) = postSolution
		SolutionGuid = {B00925FA-8346-41EA-AE9B-67792EAE5F13}
	EndGlobalSection
EndGlobal
